
Microsoft Visual Studio Solution File, Format Version 10.00
# Visual Studio 2008
Project("{8BC9CEB8-8B4A-11D0-8D11-00A0C91BC942}") = "rbtree", "rbtree\rbtree.vcproj", "{967C5DB1-3367-4000-A38D-D7C0F3A55D0C}"
EndProject
Global
	GlobalSection(SolutionConfigurationPlatforms) = preSolution
		Debug|Win32 = Debug|Win32
		Release|Win32 = Release|Win32
	EndGlobalSection
	GlobalSection(ProjectConfigurationPlatforms) = postSolution
		{967C5DB1-3367-4000-A38D-D7C0F3A55D0C}.Debug|Win32.ActiveCfg = Debug|Win32
		{967C5DB1-3367-4000-A38D-D7C0F3A55D0C}.Debug|Win32.Build.0 = Debug|Win32
		{967C5DB1-3367-4000-A38D-D7C0F3A55D0C}.Release|Win32.ActiveCfg = Release|Win32
		{967C5DB1-3367-4000-A38D-D7C0F3A55D0C}.Release|Win32.Build.0 = Release|Win32
	EndGlobalSection
	GlobalSection(SolutionProperties) = preSolution
		HideSolutionNode = FALSE
	EndGlobalSection
EndGlobal
